
Microsoft Visual Studio Solution File, Format Version 12.00
# Visual Studio for Mac
Project("{FAE04EC0-301F-11D3-BF4B-00C04F79EFBC}") = "Journey Idle", "Journey Idle.csproj", "{F56AD619-9584-A29B-71B7-B8CE8A2DF964}"
EndProject
Global
	GlobalSection(SolutionConfigurationPlatforms) = preSolution
		Debug|Any CPU = Debug|Any CPU
		Release|Any CPU = Release|Any CPU
	EndGlobalSection
	GlobalSection(ProjectConfigurationPlatforms) = postSolution
		{F56AD619-9584-A29B-71B7-B8CE8A2DF964}.Debug|Any CPU.ActiveCfg = Debug|Any CPU
		{F56AD619-9584-A29B-71B7-B8CE8A2DF964}.Debug|Any CPU.Build.0 = Debug|Any CPU
		{F56AD619-9584-A29B-71B7-B8CE8A2DF964}.Release|Any CPU.ActiveCfg = Release|Any CPU
		{F56AD619-9584-A29B-71B7-B8CE8A2DF964}.Release|Any CPU.Build.0 = Release|Any CPU
	EndGlobalSection
	GlobalSection(SolutionProperties) = preSolution
		HideSolutionNode = FALSE
	EndGlobalSection
EndGlobal
